
Microsoft Visual Studio Solution File, Format Version 12.00
# Visual Studio Version 17
VisualStudioVersion = 17.14.36221.1 d17.14
MinimumVisualStudioVersion = 10.0.40219.1
Project("{FAE04EC0-301F-11D3-BF4B-00C04F79EFBC}") = "Assignment03AdvancedC#", "Assignment03AdvancedC#\Assignment03AdvancedC#.csproj", "{7C61FE25-E4D2-42E3-A091-4EAC776B45CF}"
EndProject
Global
	GlobalSection(SolutionConfigurationPlatforms) = preSolution
		Debug|Any CPU = Debug|Any CPU
		Release|Any CPU = Release|Any CPU
	EndGlobalSection
	GlobalSection(ProjectConfigurationPlatforms) = postSolution
		{7C61FE25-E4D2-42E3-A091-4EAC776B45CF}.Debug|Any CPU.ActiveCfg = Debug|Any CPU
		{7C61FE25-E4D2-42E3-A091-4EAC776B45CF}.Debug|Any CPU.Build.0 = Debug|Any CPU
		{7C61FE25-E4D2-42E3-A091-4EAC776B45CF}.Release|Any CPU.ActiveCfg = Release|Any CPU
		{7C61FE25-E4D2-42E3-A091-4EAC776B45CF}.Release|Any CPU.Build.0 = Release|Any CPU
	EndGlobalSection
	GlobalSection(SolutionProperties) = preSolution
		HideSolutionNode = FALSE
	EndGlobalSection
	GlobalSection(ExtensibilityGlobals) = postSolution
		SolutionGuid = {95F38D36-CE58-4B70-941C-296EF6A8DF20}
	EndGlobalSection
EndGlobal
