
Microsoft Visual Studio Solution File, Format Version 12.00
# Visual Studio Version 17
VisualStudioVersion = 17.14.36221.1 d17.14
MinimumVisualStudioVersion = 10.0.40219.1
Project("{FAE04EC0-301F-11D3-BF4B-00C04F79EFBC}") = "FirstProject", "Assignment03\FirstProject.csproj", "{6E8B7F05-FA3F-4726-A814-FA84064469DB}"
EndProject
Project("{FAE04EC0-301F-11D3-BF4B-00C04F79EFBC}") = "SecondProject", "SecondProject\SecondProject.csproj", "{18DB8AED-8586-4D94-A761-786752B0ECD9}"
EndProject
Project("{FAE04EC0-301F-11D3-BF4B-00C04F79EFBC}") = "ThirdProject", "ThirdProject\ThirdProject.csproj", "{22ADA8A8-7BE3-44B1-8B96-F31817607585}"
EndProject
Global
	GlobalSection(SolutionConfigurationPlatforms) = preSolution
		Debug|Any CPU = Debug|Any CPU
		Release|Any CPU = Release|Any CPU
	EndGlobalSection
	GlobalSection(ProjectConfigurationPlatforms) = postSolution
		{6E8B7F05-FA3F-4726-A814-FA84064469DB}.Debug|Any CPU.ActiveCfg = Debug|Any CPU
		{6E8B7F05-FA3F-4726-A814-FA84064469DB}.Debug|Any CPU.Build.0 = Debug|Any CPU
		{6E8B7F05-FA3F-4726-A814-FA84064469DB}.Release|Any CPU.ActiveCfg = Release|Any CPU
		{6E8B7F05-FA3F-4726-A814-FA84064469DB}.Release|Any CPU.Build.0 = Release|Any CPU
		{18DB8AED-8586-4D94-A761-786752B0ECD9}.Debug|Any CPU.ActiveCfg = Debug|Any CPU
		{18DB8AED-8586-4D94-A761-786752B0ECD9}.Debug|Any CPU.Build.0 = Debug|Any CPU
		{18DB8AED-8586-4D94-A761-786752B0ECD9}.Release|Any CPU.ActiveCfg = Release|Any CPU
		{18DB8AED-8586-4D94-A761-786752B0ECD9}.Release|Any CPU.Build.0 = Release|Any CPU
		{22ADA8A8-7BE3-44B1-8B96-F31817607585}.Debug|Any CPU.ActiveCfg = Debug|Any CPU
		{22ADA8A8-7BE3-44B1-8B96-F31817607585}.Debug|Any CPU.Build.0 = Debug|Any CPU
		{22ADA8A8-7BE3-44B1-8B96-F31817607585}.Release|Any CPU.ActiveCfg = Release|Any CPU
		{22ADA8A8-7BE3-44B1-8B96-F31817607585}.Release|Any CPU.Build.0 = Release|Any CPU
	EndGlobalSection
	GlobalSection(SolutionProperties) = preSolution
		HideSolutionNode = FALSE
	EndGlobalSection
	GlobalSection(ExtensibilityGlobals) = postSolution
		SolutionGuid = {805AA36C-9871-4490-BFF5-B38BCA0D15E8}
	EndGlobalSection
EndGlobal
